# This file is autogenerated, do not edit; changes may be undone by the next 'dep ensure'.


[[projects]]
  name = "github.com/abhishekkr/gol"
  packages = ["golconfig"]
  revision = "58755ef951fdf647c5a8ce0a3de70e3dce04079d"

[[projects]]
  branch = "master"
  name = "github.com/dchest/stemmer"
  packages = [
    ".",
    "porter2"
  ]
  revision = "66719a20c4b5d119ff43ef41aab03265a3d644a7"

[[projects]]
  name = "github.com/jasonlvhit/gocron"
  packages = ["."]
  revision = "42a5804d37aa0b9239b265e894a16b8edbf52d54"

[[projects]]
  name = "github.com/nlopes/slack"
  packages = ["."]
  revision = "e595e9d8590a04ff76407e4e7d1791d25b095c66"

[[projects]]
  branch = "master"
  name = "github.com/sbstjn/allot"
  packages = ["."]
  revision = "1f2349af5ccd74c1a8d8fe4d1bf688645b628321"

[[projects]]
  name = "golang.org/x/net"
  packages = ["websocket"]
  revision = "b1a2d6e8c8b5fc8f601ead62536f02a8e1b6217d"

[solve-meta]
  analyzer-name = "dep"
  analyzer-version = 1
  inputs-digest = "7cafe2945584922c52f91bafbaf80021001cad9258b55a411cb0fc7c15cd3074"
  solver-name = "gps-cdcl"
  solver-version = 1
